// !$*UTF8*$!
{
	archiveVersion = 1;
	classes = {
	};
	objectVersion = 55;
	objects = {

/* Begin PBXBuildFile section */
		6341BA0428B232B7007A8BDB /* UI_Components.swift in Sources */ = {isa = PBXBuildFile; fileRef = 6341B9FD28B232B7007A8BDB /* UI_Components.swift */; };
		6341BA0528B232B7007A8BDB /* HorizontalScrollViewCell.xib in Resources */ = {isa = PBXBuildFile; fileRef = 6341B9FE28B232B7007A8BDB /* HorizontalScrollViewCell.xib */; };
		6341BA0628B232B7007A8BDB /* ImgSliderCollectionViewCell.xib in Resources */ = {isa = PBXBuildFile; fileRef = 6341B9FF28B232B7007A8BDB /* ImgSliderCollectionViewCell.xib */; };
		6341BA0728B232B7007A8BDB /* HorizontalScrollViewCell.swift in Sources */ = {isa = PBXBuildFile; fileRef = 6341BA0028B232B7007A8BDB /* HorizontalScrollViewCell.swift */; };
		6341BA0828B232B7007A8BDB /* ImgSliderCollectionViewCell.swift in Sources */ = {isa = PBXBuildFile; fileRef = 6341BA0128B232B7007A8BDB /* ImgSliderCollectionViewCell.swift */; };
		6341BA0928B232B7007A8BDB /* ImgSliderManager.swift in Sources */ = {isa = PBXBuildFile; fileRef = 6341BA0228B232B7007A8BDB /* ImgSliderManager.swift */; };
		6341BA0A28B232B7007A8BDB /* HorizontalSliderManager.swift in Sources */ = {isa = PBXBuildFile; fileRef = 6341BA0328B232B7007A8BDB /* HorizontalSliderManager.swift */; };
		6341BA0D28B23330007A8BDB /* Tabman in Frameworks */ = {isa = PBXBuildFile; productRef = 6341BA0C28B23330007A8BDB /* Tabman */; };
		6341BA1028B23518007A8BDB /* OnBoardCollectionViewCell.swift in Sources */ = {isa = PBXBuildFile; fileRef = 6341BA0E28B23518007A8BDB /* OnBoardCollectionViewCell.swift */; };
		6341BA1328B2368B007A8BDB /* OnBoardSliderManager.swift in Sources */ = {isa = PBXBuildFile; fileRef = 6341BA1228B2368B007A8BDB /* OnBoardSliderManager.swift */; };
		6370048928B213A3003EE383 /* IndicatorView.swift in Sources */ = {isa = PBXBuildFile; fileRef = 6370047F28B213A3003EE383 /* IndicatorView.swift */; };
		6370048A28B213A3003EE383 /* Date.swift in Sources */ = {isa = PBXBuildFile; fileRef = 6370048128B213A3003EE383 /* Date.swift */; };
		6370048B28B213A3003EE383 /* UIColor.swift in Sources */ = {isa = PBXBuildFile; fileRef = 6370048228B213A3003EE383 /* UIColor.swift */; };
		6370048C28B213A3003EE383 /* String.swift in Sources */ = {isa = PBXBuildFile; fileRef = 6370048328B213A3003EE383 /* String.swift */; };
		6370048D28B213A3003EE383 /* UIButton.swift in Sources */ = {isa = PBXBuildFile; fileRef = 6370048428B213A3003EE383 /* UIButton.swift */; };
		6370048E28B213A3003EE383 /* UIViewController.swift in Sources */ = {isa = PBXBuildFile; fileRef = 6370048528B213A3003EE383 /* UIViewController.swift */; };
		6370048F28B213A3003EE383 /* UINavigationBar.swift in Sources */ = {isa = PBXBuildFile; fileRef = 6370048628B213A3003EE383 /* UINavigationBar.swift */; };
		6370049028B213A3003EE383 /* UIFont.swift in Sources */ = {isa = PBXBuildFile; fileRef = 6370048728B213A3003EE383 /* UIFont.swift */; };
		6370049128B213A3003EE383 /* Device.swift in Sources */ = {isa = PBXBuildFile; fileRef = 6370048828B213A3003EE383 /* Device.swift */; };
		637004E628B21404003EE383 /* Main.storyboard in Resources */ = {isa = PBXBuildFile; fileRef = 637004C728B21404003EE383 /* Main.storyboard */; };
		637004EB28B21EB3003EE383 /* SplashStoryboard.storyboard in Resources */ = {isa = PBXBuildFile; fileRef = 637004EA28B21EB3003EE383 /* SplashStoryboard.storyboard */; };
		637004ED28B21EBF003EE383 /* SplashVC.swift in Sources */ = {isa = PBXBuildFile; fileRef = 637004EC28B21EBF003EE383 /* SplashVC.swift */; };
		637004F028B21F03003EE383 /* LogInStoryboard.storyboard in Resources */ = {isa = PBXBuildFile; fileRef = 637004EF28B21F03003EE383 /* LogInStoryboard.storyboard */; };
		637004F228B21F0C003EE383 /* LogInVC.swift in Sources */ = {isa = PBXBuildFile; fileRef = 637004F128B21F0C003EE383 /* LogInVC.swift */; };
		63B66B7F28B237E900FAADED /* OnBoardCollectionViewCell.xib in Resources */ = {isa = PBXBuildFile; fileRef = 63B66B7E28B237E900FAADED /* OnBoardCollectionViewCell.xib */; };
		63CE351028B211940007EF95 /* BaseViewController.swift in Sources */ = {isa = PBXBuildFile; fileRef = 63CE350A28B211940007EF95 /* BaseViewController.swift */; };
		63CE351128B211940007EF95 /* Constant.swift in Sources */ = {isa = PBXBuildFile; fileRef = 63CE350B28B211940007EF95 /* Constant.swift */; };
		63CE351228B211940007EF95 /* NotoSansCJKkr-Medium.otf in Resources */ = {isa = PBXBuildFile; fileRef = 63CE350D28B211940007EF95 /* NotoSansCJKkr-Medium.otf */; };
		63CE351328B211940007EF95 /* NotoSansCJKkr-Regular.otf in Resources */ = {isa = PBXBuildFile; fileRef = 63CE350E28B211940007EF95 /* NotoSansCJKkr-Regular.otf */; };
		63CE351428B211940007EF95 /* NotoSansCJKkr-Bold.otf in Resources */ = {isa = PBXBuildFile; fileRef = 63CE350F28B211940007EF95 /* NotoSansCJKkr-Bold.otf */; };
		63CE351828B211EA0007EF95 /* Alamofire in Frameworks */ = {isa = PBXBuildFile; productRef = 63CE351728B211EA0007EF95 /* Alamofire */; };
		63DD9B5B28B2034E0075746A /* AppDelegate.swift in Sources */ = {isa = PBXBuildFile; fileRef = 63DD9B5A28B2034E0075746A /* AppDelegate.swift */; };
		63DD9B5D28B2034E0075746A /* SceneDelegate.swift in Sources */ = {isa = PBXBuildFile; fileRef = 63DD9B5C28B2034E0075746A /* SceneDelegate.swift */; };
		63DD9B5F28B2034E0075746A /* ViewController.swift in Sources */ = {isa = PBXBuildFile; fileRef = 63DD9B5E28B2034E0075746A /* ViewController.swift */; };
		63DD9B6528B2034E0075746A /* RisingTest.xcdatamodeld in Sources */ = {isa = PBXBuildFile; fileRef = 63DD9B6328B2034E0075746A /* RisingTest.xcdatamodeld */; };
		63DD9B6728B2034E0075746A /* Assets.xcassets in Resources */ = {isa = PBXBuildFile; fileRef = 63DD9B6628B2034E0075746A /* Assets.xcassets */; };
		63DD9B6A28B2034E0075746A /* LaunchScreen.storyboard in Resources */ = {isa = PBXBuildFile; fileRef = 63DD9B6828B2034E0075746A /* LaunchScreen.storyboard */; };
/* End PBXBuildFile section */

/* Begin PBXFileReference section */
		6341B9FD28B232B7007A8BDB /* UI_Components.swift */ = {isa = PBXFileReference; fileEncoding = 4; lastKnownFileType = sourcecode.swift; path = UI_Components.swift; sourceTree = "<group>"; };
		6341B9FE28B232B7007A8BDB /* HorizontalScrollViewCell.xib */ = {isa = PBXFileReference; fileEncoding = 4; lastKnownFileType = file.xib; path = HorizontalScrollViewCell.xib; sourceTree = "<group>"; };
		6341B9FF28B232B7007A8BDB /* ImgSliderCollectionViewCell.xib */ = {isa = PBXFileReference; fileEncoding = 4; lastKnownFileType = file.xib; path = ImgSliderCollectionViewCell.xib; sourceTree = "<group>"; };
		6341BA0028B232B7007A8BDB /* HorizontalScrollViewCell.swift */ = {isa = PBXFileReference; fileEncoding = 4; lastKnownFileType = sourcecode.swift; path = HorizontalScrollViewCell.swift; sourceTree = "<group>"; };
		6341BA0128B232B7007A8BDB /* ImgSliderCollectionViewCell.swift */ = {isa = PBXFileReference; fileEncoding = 4; lastKnownFileType = sourcecode.swift; path = ImgSliderCollectionViewCell.swift; sourceTree = "<group>"; };
		6341BA0228B232B7007A8BDB /* ImgSliderManager.swift */ = {isa = PBXFileReference; fileEncoding = 4; lastKnownFileType = sourcecode.swift; path = ImgSliderManager.swift; sourceTree = "<group>"; };
		6341BA0328B232B7007A8BDB /* HorizontalSliderManager.swift */ = {isa = PBXFileReference; fileEncoding = 4; lastKnownFileType = sourcecode.swift; path = HorizontalSliderManager.swift; sourceTree = "<group>"; };
		6341BA0E28B23518007A8BDB /* OnBoardCollectionViewCell.swift */ = {isa = PBXFileReference; lastKnownFileType = sourcecode.swift; path = OnBoardCollectionViewCell.swift; sourceTree = "<group>"; };
		6341BA1228B2368B007A8BDB /* OnBoardSliderManager.swift */ = {isa = PBXFileReference; lastKnownFileType = sourcecode.swift; path = OnBoardSliderManager.swift; sourceTree = "<group>"; };
		6370047F28B213A3003EE383 /* IndicatorView.swift */ = {isa = PBXFileReference; fileEncoding = 4; lastKnownFileType = sourcecode.swift; path = IndicatorView.swift; sourceTree = "<group>"; };
		6370048128B213A3003EE383 /* Date.swift */ = {isa = PBXFileReference; fileEncoding = 4; lastKnownFileType = sourcecode.swift; path = Date.swift; sourceTree = "<group>"; };
		6370048228B213A3003EE383 /* UIColor.swift */ = {isa = PBXFileReference; fileEncoding = 4; lastKnownFileType = sourcecode.swift; path = UIColor.swift; sourceTree = "<group>"; };
		6370048328B213A3003EE383 /* String.swift */ = {isa = PBXFileReference; fileEncoding = 4; lastKnownFileType = sourcecode.swift; path = String.swift; sourceTree = "<group>"; };
		6370048428B213A3003EE383 /* UIButton.swift */ = {isa = PBXFileReference; fileEncoding = 4; lastKnownFileType = sourcecode.swift; path = UIButton.swift; sourceTree = "<group>"; };
		6370048528B213A3003EE383 /* UIViewController.swift */ = {isa = PBXFileReference; fileEncoding = 4; lastKnownFileType = sourcecode.swift; path = UIViewController.swift; sourceTree = "<group>"; };
		6370048628B213A3003EE383 /* UINavigationBar.swift */ = {isa = PBXFileReference; fileEncoding = 4; lastKnownFileType = sourcecode.swift; path = UINavigationBar.swift; sourceTree = "<group>"; };
		6370048728B213A3003EE383 /* UIFont.swift */ = {isa = PBXFileReference; fileEncoding = 4; lastKnownFileType = sourcecode.swift; path = UIFont.swift; sourceTree = "<group>"; };
		6370048828B213A3003EE383 /* Device.swift */ = {isa = PBXFileReference; fileEncoding = 4; lastKnownFileType = sourcecode.swift; path = Device.swift; sourceTree = "<group>"; };
		637004C728B21404003EE383 /* Main.storyboard */ = {isa = PBXFileReference; fileEncoding = 4; lastKnownFileType = file.storyboard; path = Main.storyboard; sourceTree = "<group>"; };
		637004EA28B21EB3003EE383 /* SplashStoryboard.storyboard */ = {isa = PBXFileReference; lastKnownFileType = file.storyboard; path = SplashStoryboard.storyboard; sourceTree = "<group>"; };
		637004EC28B21EBF003EE383 /* SplashVC.swift */ = {isa = PBXFileReference; lastKnownFileType = sourcecode.swift; path = SplashVC.swift; sourceTree = "<group>"; };
		637004EF28B21F03003EE383 /* LogInStoryboard.storyboard */ = {isa = PBXFileReference; lastKnownFileType = file.storyboard; path = LogInStoryboard.storyboard; sourceTree = "<group>"; };
		637004F128B21F0C003EE383 /* LogInVC.swift */ = {isa = PBXFileReference; lastKnownFileType = sourcecode.swift; path = LogInVC.swift; sourceTree = "<group>"; };
		63B66B7E28B237E900FAADED /* OnBoardCollectionViewCell.xib */ = {isa = PBXFileReference; lastKnownFileType = file.xib; path = OnBoardCollectionViewCell.xib; sourceTree = "<group>"; };
		63CE350A28B211940007EF95 /* BaseViewController.swift */ = {isa = PBXFileReference; fileEncoding = 4; lastKnownFileType = sourcecode.swift; path = BaseViewController.swift; sourceTree = "<group>"; };
		63CE350B28B211940007EF95 /* Constant.swift */ = {isa = PBXFileReference; fileEncoding = 4; lastKnownFileType = sourcecode.swift; path = Constant.swift; sourceTree = "<group>"; };
		63CE350D28B211940007EF95 /* NotoSansCJKkr-Medium.otf */ = {isa = PBXFileReference; lastKnownFileType = file; path = "NotoSansCJKkr-Medium.otf"; sourceTree = "<group>"; };
		63CE350E28B211940007EF95 /* NotoSansCJKkr-Regular.otf */ = {isa = PBXFileReference; lastKnownFileType = file; path = "NotoSansCJKkr-Regular.otf"; sourceTree = "<group>"; };
		63CE350F28B211940007EF95 /* NotoSansCJKkr-Bold.otf */ = {isa = PBXFileReference; lastKnownFileType = file; path = "NotoSansCJKkr-Bold.otf"; sourceTree = "<group>"; };
		63DD9B5728B2034E0075746A /* RisingTest.app */ = {isa = PBXFileReference; explicitFileType = wrapper.application; includeInIndex = 0; path = RisingTest.app; sourceTree = BUILT_PRODUCTS_DIR; };
		63DD9B5A28B2034E0075746A /* AppDelegate.swift */ = {isa = PBXFileReference; lastKnownFileType = sourcecode.swift; path = AppDelegate.swift; sourceTree = "<group>"; };
		63DD9B5C28B2034E0075746A /* SceneDelegate.swift */ = {isa = PBXFileReference; lastKnownFileType = sourcecode.swift; path = SceneDelegate.swift; sourceTree = "<group>"; };
		63DD9B5E28B2034E0075746A /* ViewController.swift */ = {isa = PBXFileReference; lastKnownFileType = sourcecode.swift; path = ViewController.swift; sourceTree = "<group>"; };
		63DD9B6428B2034E0075746A /* RisingTest.xcdatamodel */ = {isa = PBXFileReference; lastKnownFileType = wrapper.xcdatamodel; path = RisingTest.xcdatamodel; sourceTree = "<group>"; };
		63DD9B6628B2034E0075746A /* Assets.xcassets */ = {isa = PBXFileReference; lastKnownFileType = folder.assetcatalog; path = Assets.xcassets; sourceTree = "<group>"; };
		63DD9B6928B2034E0075746A /* Base */ = {isa = PBXFileReference; lastKnownFileType = file.storyboard; name = Base; path = Base.lproj/LaunchScreen.storyboard; sourceTree = "<group>"; };
		63DD9B6B28B2034E0075746A /* Info.plist */ = {isa = PBXFileReference; lastKnownFileType = text.plist.xml; path = Info.plist; sourceTree = "<group>"; };
/* End PBXFileReference section */

/* Begin PBXFrameworksBuildPhase section */
		63DD9B5428B2034E0075746A /* Frameworks */ = {
			isa = PBXFrameworksBuildPhase;
			buildActionMask = 2147483647;
			files = (
				63CE351828B211EA0007EF95 /* Alamofire in Frameworks */,
				6341BA0D28B23330007A8BDB /* Tabman in Frameworks */,
			);
			runOnlyForDeploymentPostprocessing = 0;
		};
/* End PBXFrameworksBuildPhase section */

/* Begin PBXGroup section */
		6341B9FC28B232B7007A8BDB /* UI_Components */ = {
			isa = PBXGroup;
			children = (
				6341B9FD28B232B7007A8BDB /* UI_Components.swift */,
				6341B9FE28B232B7007A8BDB /* HorizontalScrollViewCell.xib */,
				6341B9FF28B232B7007A8BDB /* ImgSliderCollectionViewCell.xib */,
				6341BA0028B232B7007A8BDB /* HorizontalScrollViewCell.swift */,
				6341BA0128B232B7007A8BDB /* ImgSliderCollectionViewCell.swift */,
				6341BA0228B232B7007A8BDB /* ImgSliderManager.swift */,
				6341BA0328B232B7007A8BDB /* HorizontalSliderManager.swift */,
			);
			path = UI_Components;
			sourceTree = "<group>";
		};
		6370047E28B213A3003EE383 /* Util */ = {
			isa = PBXGroup;
			children = (
				6341B9FC28B232B7007A8BDB /* UI_Components */,
				6370047F28B213A3003EE383 /* IndicatorView.swift */,
				6370048028B213A3003EE383 /* Extension */,
				6370048828B213A3003EE383 /* Device.swift */,
			);
			path = Util;
			sourceTree = "<group>";
		};
		6370048028B213A3003EE383 /* Extension */ = {
			isa = PBXGroup;
			children = (
				6370048128B213A3003EE383 /* Date.swift */,
				6370048228B213A3003EE383 /* UIColor.swift */,
				6370048328B213A3003EE383 /* String.swift */,
				6370048428B213A3003EE383 /* UIButton.swift */,
				6370048528B213A3003EE383 /* UIViewController.swift */,
				6370048628B213A3003EE383 /* UINavigationBar.swift */,
				6370048728B213A3003EE383 /* UIFont.swift */,
			);
			path = Extension;
			sourceTree = "<group>";
		};
		6370049228B21404003EE383 /* Source */ = {
			isa = PBXGroup;
			children = (
				637004EE28B21EF8003EE383 /* LogIn */,
				6370049328B21404003EE383 /* Splash */,
				6370049628B21404003EE383 /* Network */,
				637004AE28B21404003EE383 /* Main */,
			);
			path = Source;
			sourceTree = "<group>";
		};
		6370049328B21404003EE383 /* Splash */ = {
			isa = PBXGroup;
			children = (
				637004EA28B21EB3003EE383 /* SplashStoryboard.storyboard */,
				637004EC28B21EBF003EE383 /* SplashVC.swift */,
			);
			path = Splash;
			sourceTree = "<group>";
		};
		6370049628B21404003EE383 /* Network */ = {
			isa = PBXGroup;
			children = (
			);
			path = Network;
			sourceTree = "<group>";
		};
		637004AE28B21404003EE383 /* Main */ = {
			isa = PBXGroup;
			children = (
				637004C728B21404003EE383 /* Main.storyboard */,
			);
			path = Main;
			sourceTree = "<group>";
		};
		637004EE28B21EF8003EE383 /* LogIn */ = {
			isa = PBXGroup;
			children = (
				637004EF28B21F03003EE383 /* LogInStoryboard.storyboard */,
				637004F128B21F0C003EE383 /* LogInVC.swift */,
				6341BA0E28B23518007A8BDB /* OnBoardCollectionViewCell.swift */,
				6341BA1228B2368B007A8BDB /* OnBoardSliderManager.swift */,
				63B66B7E28B237E900FAADED /* OnBoardCollectionViewCell.xib */,
			);
			path = LogIn;
			sourceTree = "<group>";
		};
		63CE350128B210330007EF95 /* Configuration */ = {
			isa = PBXGroup;
			children = (
				63CE350928B211940007EF95 /* Base */,
				63CE350B28B211940007EF95 /* Constant.swift */,
				63CE350C28B211940007EF95 /* Font */,
			);
			path = Configuration;
			sourceTree = "<group>";
		};
		63CE350928B211940007EF95 /* Base */ = {
			isa = PBXGroup;
			children = (
				63CE350A28B211940007EF95 /* BaseViewController.swift */,
			);
			path = Base;
			sourceTree = "<group>";
		};
		63CE350C28B211940007EF95 /* Font */ = {
			isa = PBXGroup;
			children = (
				63CE350D28B211940007EF95 /* NotoSansCJKkr-Medium.otf */,
				63CE350E28B211940007EF95 /* NotoSansCJKkr-Regular.otf */,
				63CE350F28B211940007EF95 /* NotoSansCJKkr-Bold.otf */,
			);
			path = Font;
			sourceTree = "<group>";
		};
		63DD9B4E28B2034E0075746A = {
			isa = PBXGroup;
			children = (
				63DD9B5928B2034E0075746A /* RisingTest */,
				63DD9B5828B2034E0075746A /* Products */,
			);
			sourceTree = "<group>";
		};
		63DD9B5828B2034E0075746A /* Products */ = {
			isa = PBXGroup;
			children = (
				63DD9B5728B2034E0075746A /* RisingTest.app */,
			);
			name = Products;
			sourceTree = "<group>";
		};
		63DD9B5928B2034E0075746A /* RisingTest */ = {
			isa = PBXGroup;
			children = (
				6370049228B21404003EE383 /* Source */,
				6370047E28B213A3003EE383 /* Util */,
				63CE350128B210330007EF95 /* Configuration */,
				63DD9B5A28B2034E0075746A /* AppDelegate.swift */,
				63DD9B5C28B2034E0075746A /* SceneDelegate.swift */,
				63DD9B5E28B2034E0075746A /* ViewController.swift */,
				63DD9B6628B2034E0075746A /* Assets.xcassets */,
				63DD9B6828B2034E0075746A /* LaunchScreen.storyboard */,
				63DD9B6B28B2034E0075746A /* Info.plist */,
				63DD9B6328B2034E0075746A /* RisingTest.xcdatamodeld */,
			);
			path = RisingTest;
			sourceTree = "<group>";
		};
/* End PBXGroup section */

/* Begin PBXNativeTarget section */
		63DD9B5628B2034E0075746A /* RisingTest */ = {
			isa = PBXNativeTarget;
			buildConfigurationList = 63DD9B6E28B2034E0075746A /* Build configuration list for PBXNativeTarget "RisingTest" */;
			buildPhases = (
				63DD9B5328B2034E0075746A /* Sources */,
				63DD9B5428B2034E0075746A /* Frameworks */,
				63DD9B5528B2034E0075746A /* Resources */,
			);
			buildRules = (
			);
			dependencies = (
			);
			name = RisingTest;
			packageProductDependencies = (
				63CE351728B211EA0007EF95 /* Alamofire */,
				6341BA0C28B23330007A8BDB /* Tabman */,
			);
			productName = RisingTest;
			productReference = 63DD9B5728B2034E0075746A /* RisingTest.app */;
			productType = "com.apple.product-type.application";
		};
/* End PBXNativeTarget section */

/* Begin PBXProject section */
		63DD9B4F28B2034E0075746A /* Project object */ = {
			isa = PBXProject;
			attributes = {
				BuildIndependentTargetsInParallel = 1;
				LastSwiftUpdateCheck = 1340;
				LastUpgradeCheck = 1340;
				TargetAttributes = {
					63DD9B5628B2034E0075746A = {
						CreatedOnToolsVersion = 13.4.1;
					};
				};
			};
			buildConfigurationList = 63DD9B5228B2034E0075746A /* Build configuration list for PBXProject "RisingTest" */;
			compatibilityVersion = "Xcode 13.0";
			developmentRegion = en;
			hasScannedForEncodings = 0;
			knownRegions = (
				en,
				Base,
			);
			mainGroup = 63DD9B4E28B2034E0075746A;
			packageReferences = (
				63CE351628B211EA0007EF95 /* XCRemoteSwiftPackageReference "Alamofire" */,
				6341BA0B28B23330007A8BDB /* XCRemoteSwiftPackageReference "Tabman" */,
			);
			productRefGroup = 63DD9B5828B2034E0075746A /* Products */;
			projectDirPath = "";
			projectRoot = "";
			targets = (
				63DD9B5628B2034E0075746A /* RisingTest */,
			);
		};
/* End PBXProject section */

/* Begin PBXResourcesBuildPhase section */
		63DD9B5528B2034E0075746A /* Resources */ = {
			isa = PBXResourcesBuildPhase;
			buildActionMask = 2147483647;
			files = (
				6341BA0528B232B7007A8BDB /* HorizontalScrollViewCell.xib in Resources */,
				63CE351328B211940007EF95 /* NotoSansCJKkr-Regular.otf in Resources */,
				637004E628B21404003EE383 /* Main.storyboard in Resources */,
				63DD9B6A28B2034E0075746A /* LaunchScreen.storyboard in Resources */,
				637004F028B21F03003EE383 /* LogInStoryboard.storyboard in Resources */,
				6341BA0628B232B7007A8BDB /* ImgSliderCollectionViewCell.xib in Resources */,
				63DD9B6728B2034E0075746A /* Assets.xcassets in Resources */,
				63B66B7F28B237E900FAADED /* OnBoardCollectionViewCell.xib in Resources */,
				637004EB28B21EB3003EE383 /* SplashStoryboard.storyboard in Resources */,
				63CE351228B211940007EF95 /* NotoSansCJKkr-Medium.otf in Resources */,
				63CE351428B211940007EF95 /* NotoSansCJKkr-Bold.otf in Resources */,
			);
			runOnlyForDeploymentPostprocessing = 0;
		};
/* End PBXResourcesBuildPhase section */

/* Begin PBXSourcesBuildPhase section */
		63DD9B5328B2034E0075746A /* Sources */ = {
			isa = PBXSourcesBuildPhase;
			buildActionMask = 2147483647;
			files = (
				6370048928B213A3003EE383 /* IndicatorView.swift in Sources */,
				6341BA0428B232B7007A8BDB /* UI_Components.swift in Sources */,
				6370048B28B213A3003EE383 /* UIColor.swift in Sources */,
				6341BA0928B232B7007A8BDB /* ImgSliderManager.swift in Sources */,
				6341BA1028B23518007A8BDB /* OnBoardCollectionViewCell.swift in Sources */,
				63CE351028B211940007EF95 /* BaseViewController.swift in Sources */,
				6341BA0728B232B7007A8BDB /* HorizontalScrollViewCell.swift in Sources */,
				6370049128B213A3003EE383 /* Device.swift in Sources */,
				6341BA1328B2368B007A8BDB /* OnBoardSliderManager.swift in Sources */,
				63DD9B5F28B2034E0075746A /* ViewController.swift in Sources */,
				63DD9B5B28B2034E0075746A /* AppDelegate.swift in Sources */,
				637004F228B21F0C003EE383 /* LogInVC.swift in Sources */,
				6341BA0A28B232B7007A8BDB /* HorizontalSliderManager.swift in Sources */,
				63DD9B5D28B2034E0075746A /* SceneDelegate.swift in Sources */,
				6370048C28B213A3003EE383 /* String.swift in Sources */,
				6370048A28B213A3003EE383 /* Date.swift in Sources */,
				6370048E28B213A3003EE383 /* UIViewController.swift in Sources */,
				6341BA0828B232B7007A8BDB /* ImgSliderCollectionViewCell.swift in Sources */,
				63DD9B6528B2034E0075746A /* RisingTest.xcdatamodeld in Sources */,
				6370048D28B213A3003EE383 /* UIButton.swift in Sources */,
				6370049028B213A3003EE383 /* UIFont.swift in Sources */,
				637004ED28B21EBF003EE383 /* SplashVC.swift in Sources */,
				63CE351128B211940007EF95 /* Constant.swift in Sources */,
				6370048F28B213A3003EE383 /* UINavigationBar.swift in Sources */,
			);
			runOnlyForDeploymentPostprocessing = 0;
		};
/* End PBXSourcesBuildPhase section */

/* Begin PBXVariantGroup section */
		63DD9B6828B2034E0075746A /* LaunchScreen.storyboard */ = {
			isa = PBXVariantGroup;
			children = (
				63DD9B6928B2034E0075746A /* Base */,
			);
			name = LaunchScreen.storyboard;
			sourceTree = "<group>";
		};
/* End PBXVariantGroup section */

/* Begin XCBuildConfiguration section */
		63DD9B6C28B2034E0075746A /* Debug */ = {
			isa = XCBuildConfiguration;
			buildSettings = {
				ALWAYS_SEARCH_USER_PATHS = NO;
				CLANG_ANALYZER_NONNULL = YES;
				CLANG_ANALYZER_NUMBER_OBJECT_CONVERSION = YES_AGGRESSIVE;
				CLANG_CXX_LANGUAGE_STANDARD = "gnu++17";
				CLANG_ENABLE_MODULES = YES;
				CLANG_ENABLE_OBJC_ARC = YES;
				CLANG_ENABLE_OBJC_WEAK = YES;
				CLANG_WARN_BLOCK_CAPTURE_AUTORELEASING = YES;
				CLANG_WARN_BOOL_CONVERSION = YES;
				CLANG_WARN_COMMA = YES;
				CLANG_WARN_CONSTANT_CONVERSION = YES;
				CLANG_WARN_DEPRECATED_OBJC_IMPLEMENTATIONS = YES;
				CLANG_WARN_DIRECT_OBJC_ISA_USAGE = YES_ERROR;
				CLANG_WARN_DOCUMENTATION_COMMENTS = YES;
				CLANG_WARN_EMPTY_BODY = YES;
				CLANG_WARN_ENUM_CONVERSION = YES;
				CLANG_WARN_INFINITE_RECURSION = YES;
				CLANG_WARN_INT_CONVERSION = YES;
				CLANG_WARN_NON_LITERAL_NULL_CONVERSION = YES;
				CLANG_WARN_OBJC_IMPLICIT_RETAIN_SELF = YES;
				CLANG_WARN_OBJC_LITERAL_CONVERSION = YES;
				CLANG_WARN_OBJC_ROOT_CLASS = YES_ERROR;
				CLANG_WARN_QUOTED_INCLUDE_IN_FRAMEWORK_HEADER = YES;
				CLANG_WARN_RANGE_LOOP_ANALYSIS = YES;
				CLANG_WARN_STRICT_PROTOTYPES = YES;
				CLANG_WARN_SUSPICIOUS_MOVE = YES;
				CLANG_WARN_UNGUARDED_AVAILABILITY = YES_AGGRESSIVE;
				CLANG_WARN_UNREACHABLE_CODE = YES;
				CLANG_WARN__DUPLICATE_METHOD_MATCH = YES;
				COPY_PHASE_STRIP = NO;
				DEBUG_INFORMATION_FORMAT = dwarf;
				ENABLE_STRICT_OBJC_MSGSEND = YES;
				ENABLE_TESTABILITY = YES;
				GCC_C_LANGUAGE_STANDARD = gnu11;
				GCC_DYNAMIC_NO_PIC = NO;
				GCC_NO_COMMON_BLOCKS = YES;
				GCC_OPTIMIZATION_LEVEL = 0;
				GCC_PREPROCESSOR_DEFINITIONS = (
					"DEBUG=1",
					"$(inherited)",
				);
				GCC_WARN_64_TO_32_BIT_CONVERSION = YES;
				GCC_WARN_ABOUT_RETURN_TYPE = YES_ERROR;
				GCC_WARN_UNDECLARED_SELECTOR = YES;
				GCC_WARN_UNINITIALIZED_AUTOS = YES_AGGRESSIVE;
				GCC_WARN_UNUSED_FUNCTION = YES;
				GCC_WARN_UNUSED_VARIABLE = YES;
				IPHONEOS_DEPLOYMENT_TARGET = 13.0;
				MTL_ENABLE_DEBUG_INFO = INCLUDE_SOURCE;
				MTL_FAST_MATH = YES;
				ONLY_ACTIVE_ARCH = YES;
				SDKROOT = iphoneos;
				SWIFT_ACTIVE_COMPILATION_CONDITIONS = DEBUG;
				SWIFT_OPTIMIZATION_LEVEL = "-Onone";
			};
			name = Debug;
		};
		63DD9B6D28B2034E0075746A /* Release */ = {
			isa = XCBuildConfiguration;
			buildSettings = {
				ALWAYS_SEARCH_USER_PATHS = NO;
				CLANG_ANALYZER_NONNULL = YES;
				CLANG_ANALYZER_NUMBER_OBJECT_CONVERSION = YES_AGGRESSIVE;
				CLANG_CXX_LANGUAGE_STANDARD = "gnu++17";
				CLANG_ENABLE_MODULES = YES;
				CLANG_ENABLE_OBJC_ARC = YES;
				CLANG_ENABLE_OBJC_WEAK = YES;
				CLANG_WARN_BLOCK_CAPTURE_AUTORELEASING = YES;
				CLANG_WARN_BOOL_CONVERSION = YES;
				CLANG_WARN_COMMA = YES;
				CLANG_WARN_CONSTANT_CONVERSION = YES;
				CLANG_WARN_DEPRECATED_OBJC_IMPLEMENTATIONS = YES;
				CLANG_WARN_DIRECT_OBJC_ISA_USAGE = YES_ERROR;
				CLANG_WARN_DOCUMENTATION_COMMENTS = YES;
				CLANG_WARN_EMPTY_BODY = YES;
				CLANG_WARN_ENUM_CONVERSION = YES;
				CLANG_WARN_INFINITE_RECURSION = YES;
				CLANG_WARN_INT_CONVERSION = YES;
				CLANG_WARN_NON_LITERAL_NULL_CONVERSION = YES;
				CLANG_WARN_OBJC_IMPLICIT_RETAIN_SELF = YES;
				CLANG_WARN_OBJC_LITERAL_CONVERSION = YES;
				CLANG_WARN_OBJC_ROOT_CLASS = YES_ERROR;
				CLANG_WARN_QUOTED_INCLUDE_IN_FRAMEWORK_HEADER = YES;
				CLANG_WARN_RANGE_LOOP_ANALYSIS = YES;
				CLANG_WARN_STRICT_PROTOTYPES = YES;
				CLANG_WARN_SUSPICIOUS_MOVE = YES;
				CLANG_WARN_UNGUARDED_AVAILABILITY = YES_AGGRESSIVE;
				CLANG_WARN_UNREACHABLE_CODE = YES;
				CLANG_WARN__DUPLICATE_METHOD_MATCH = YES;
				COPY_PHASE_STRIP = NO;
				DEBUG_INFORMATION_FORMAT = "dwarf-with-dsym";
				ENABLE_NS_ASSERTIONS = NO;
				ENABLE_STRICT_OBJC_MSGSEND = YES;
				GCC_C_LANGUAGE_STANDARD = gnu11;
				GCC_NO_COMMON_BLOCKS = YES;
				GCC_WARN_64_TO_32_BIT_CONVERSION = YES;
				GCC_WARN_ABOUT_RETURN_TYPE = YES_ERROR;
				GCC_WARN_UNDECLARED_SELECTOR = YES;
				GCC_WARN_UNINITIALIZED_AUTOS = YES_AGGRESSIVE;
				GCC_WARN_UNUSED_FUNCTION = YES;
				GCC_WARN_UNUSED_VARIABLE = YES;
				IPHONEOS_DEPLOYMENT_TARGET = 13.0;
				MTL_ENABLE_DEBUG_INFO = NO;
				MTL_FAST_MATH = YES;
				SDKROOT = iphoneos;
				SWIFT_COMPILATION_MODE = wholemodule;
				SWIFT_OPTIMIZATION_LEVEL = "-O";
				VALIDATE_PRODUCT = YES;
			};
			name = Release;
		};
		63DD9B6F28B2034E0075746A /* Debug */ = {
			isa = XCBuildConfiguration;
			buildSettings = {
				ASSETCATALOG_COMPILER_APPICON_NAME = AppIcon;
				ASSETCATALOG_COMPILER_GLOBAL_ACCENT_COLOR_NAME = AccentColor;
				CODE_SIGN_STYLE = Automatic;
				CURRENT_PROJECT_VERSION = 1;
				DEVELOPMENT_TEAM = 3W9F68ZTUJ;
				GENERATE_INFOPLIST_FILE = YES;
				INFOPLIST_FILE = RisingTest/Info.plist;
				INFOPLIST_KEY_UIApplicationSupportsIndirectInputEvents = YES;
				INFOPLIST_KEY_UILaunchStoryboardName = LaunchScreen;
				INFOPLIST_KEY_UIMainStoryboardFile = LogInStoryboard;
				INFOPLIST_KEY_UISupportedInterfaceOrientations = UIInterfaceOrientationPortrait;
				INFOPLIST_KEY_UISupportedInterfaceOrientations_iPad = "UIInterfaceOrientationPortrait UIInterfaceOrientationPortraitUpsideDown UIInterfaceOrientationLandscapeLeft UIInterfaceOrientationLandscapeRight";
				INFOPLIST_KEY_UISupportedInterfaceOrientations_iPhone = "UIInterfaceOrientationPortrait UIInterfaceOrientationLandscapeLeft UIInterfaceOrientationLandscapeRight";
				LD_RUNPATH_SEARCH_PATHS = (
					"$(inherited)",
					"@executable_path/Frameworks",
				);
				MARKETING_VERSION = 1.0;
				PRODUCT_BUNDLE_IDENTIFIER = ii.RisingTest;
				PRODUCT_NAME = "$(TARGET_NAME)";
				SWIFT_EMIT_LOC_STRINGS = YES;
				SWIFT_VERSION = 5.0;
				TARGETED_DEVICE_FAMILY = 1;
			};
			name = Debug;
		};
		63DD9B7028B2034E0075746A /* Release */ = {
			isa = XCBuildConfiguration;
			buildSettings = {
				ASSETCATALOG_COMPILER_APPICON_NAME = AppIcon;
				ASSETCATALOG_COMPILER_GLOBAL_ACCENT_COLOR_NAME = AccentColor;
				CODE_SIGN_STYLE = Automatic;
				CURRENT_PROJECT_VERSION = 1;
				DEVELOPMENT_TEAM = 3W9F68ZTUJ;
				GENERATE_INFOPLIST_FILE = YES;
				INFOPLIST_FILE = RisingTest/Info.plist;
				INFOPLIST_KEY_UIApplicationSupportsIndirectInputEvents = YES;
				INFOPLIST_KEY_UILaunchStoryboardName = LaunchScreen;
				INFOPLIST_KEY_UIMainStoryboardFile = LogInStoryboard;
				INFOPLIST_KEY_UISupportedInterfaceOrientations = UIInterfaceOrientationPortrait;
				INFOPLIST_KEY_UISupportedInterfaceOrientations_iPad = "UIInterfaceOrientationPortrait UIInterfaceOrientationPortraitUpsideDown UIInterfaceOrientationLandscapeLeft UIInterfaceOrientationLandscapeRight";
				INFOPLIST_KEY_UISupportedInterfaceOrientations_iPhone = "UIInterfaceOrientationPortrait UIInterfaceOrientationLandscapeLeft UIInterfaceOrientationLandscapeRight";
				LD_RUNPATH_SEARCH_PATHS = (
					"$(inherited)",
					"@executable_path/Frameworks",
				);
				MARKETING_VERSION = 1.0;
				PRODUCT_BUNDLE_IDENTIFIER = ii.RisingTest;
				PRODUCT_NAME = "$(TARGET_NAME)";
				SWIFT_EMIT_LOC_STRINGS = YES;
				SWIFT_VERSION = 5.0;
				TARGETED_DEVICE_FAMILY = 1;
			};
			name = Release;
		};
/* End XCBuildConfiguration section */

/* Begin XCConfigurationList section */
		63DD9B5228B2034E0075746A /* Build configuration list for PBXProject "RisingTest" */ = {
			isa = XCConfigurationList;
			buildConfigurations = (
				63DD9B6C28B2034E0075746A /* Debug */,
				63DD9B6D28B2034E0075746A /* Release */,
			);
			defaultConfigurationIsVisible = 0;
			defaultConfigurationName = Release;
		};
		63DD9B6E28B2034E0075746A /* Build configuration list for PBXNativeTarget "RisingTest" */ = {
			isa = XCConfigurationList;
			buildConfigurations = (
				63DD9B6F28B2034E0075746A /* Debug */,
				63DD9B7028B2034E0075746A /* Release */,
			);
			defaultConfigurationIsVisible = 0;
			defaultConfigurationName = Release;
		};
/* End XCConfigurationList section */

/* Begin XCRemoteSwiftPackageReference section */
		6341BA0B28B23330007A8BDB /* XCRemoteSwiftPackageReference "Tabman" */ = {
			isa = XCRemoteSwiftPackageReference;
			repositoryURL = "https://github.com/uias/Tabman.git";
			requirement = {
				branch = main;
				kind = branch;
			};
		};
		63CE351628B211EA0007EF95 /* XCRemoteSwiftPackageReference "Alamofire" */ = {
			isa = XCRemoteSwiftPackageReference;
			repositoryURL = "https://github.com/Alamofire/Alamofire.git";
			requirement = {
				branch = master;
				kind = branch;
			};
		};
/* End XCRemoteSwiftPackageReference section */

/* Begin XCSwiftPackageProductDependency section */
		6341BA0C28B23330007A8BDB /* Tabman */ = {
			isa = XCSwiftPackageProductDependency;
			package = 6341BA0B28B23330007A8BDB /* XCRemoteSwiftPackageReference "Tabman" */;
			productName = Tabman;
		};
		63CE351728B211EA0007EF95 /* Alamofire */ = {
			isa = XCSwiftPackageProductDependency;
			package = 63CE351628B211EA0007EF95 /* XCRemoteSwiftPackageReference "Alamofire" */;
			productName = Alamofire;
		};
/* End XCSwiftPackageProductDependency section */

/* Begin XCVersionGroup section */
		63DD9B6328B2034E0075746A /* RisingTest.xcdatamodeld */ = {
			isa = XCVersionGroup;
			children = (
				63DD9B6428B2034E0075746A /* RisingTest.xcdatamodel */,
			);
			currentVersion = 63DD9B6428B2034E0075746A /* RisingTest.xcdatamodel */;
			path = RisingTest.xcdatamodeld;
			sourceTree = "<group>";
			versionGroupType = wrapper.xcdatamodel;
		};
/* End XCVersionGroup section */
	};
	rootObject = 63DD9B4F28B2034E0075746A /* Project object */;
}
